
Microsoft Visual Studio Solution File, Format Version 12.00
# Visual Studio Version 16
VisualStudioVersion = 16.0.31205.134
MinimumVisualStudioVersion = 10.0.40219.1
Project("{FAE04EC0-301F-11D3-BF4B-00C04F79EFBC}") = "谦海数据采集管理系统", "谦海数据采集管理系统\谦海数据采集管理系统.csproj", "{206CB3D2-0C0A-47DE-AC2C-2D055B9E6C4A}"
EndProject
Global
	GlobalSection(SolutionConfigurationPlatforms) = preSolution
		Debug|Any CPU = Debug|Any CPU
		Release|Any CPU = Release|Any CPU
	EndGlobalSection
	GlobalSection(ProjectConfigurationPlatforms) = postSolution
		{206CB3D2-0C0A-47DE-AC2C-2D055B9E6C4A}.Debug|Any CPU.ActiveCfg = Debug|Any CPU
		{206CB3D2-0C0A-47DE-AC2C-2D055B9E6C4A}.Debug|Any CPU.Build.0 = Debug|Any CPU
		{206CB3D2-0C0A-47DE-AC2C-2D055B9E6C4A}.Release|Any CPU.ActiveCfg = Release|Any CPU
		{206CB3D2-0C0A-47DE-AC2C-2D055B9E6C4A}.Release|Any CPU.Build.0 = Release|Any CPU
	EndGlobalSection
	GlobalSection(SolutionProperties) = preSolution
		HideSolutionNode = FALSE
	EndGlobalSection
	GlobalSection(ExtensibilityGlobals) = postSolution
		SolutionGuid = {BFA9F2E4-DF35-48AB-A48A-A116251651EF}
	EndGlobalSection
EndGlobal
