
Microsoft Visual Studio Solution File, Format Version 12.00
# Visual Studio Version 16
VisualStudioVersion = 16.0.30413.136
MinimumVisualStudioVersion = 10.0.40219.1
Project("{FAE04EC0-301F-11D3-BF4B-00C04F79EFBC}") = "文本解析系统", "文本解析系统\文本解析系统.csproj", "{8CC7E134-E82F-4F04-85E8-0D65DE3768EB}"
EndProject
Global
	GlobalSection(SolutionConfigurationPlatforms) = preSolution
		Debug|Any CPU = Debug|Any CPU
		Release|Any CPU = Release|Any CPU
	EndGlobalSection
	GlobalSection(ProjectConfigurationPlatforms) = postSolution
		{8CC7E134-E82F-4F04-85E8-0D65DE3768EB}.Debug|Any CPU.ActiveCfg = Debug|Any CPU
		{8CC7E134-E82F-4F04-85E8-0D65DE3768EB}.Debug|Any CPU.Build.0 = Debug|Any CPU
		{8CC7E134-E82F-4F04-85E8-0D65DE3768EB}.Release|Any CPU.ActiveCfg = Release|Any CPU
		{8CC7E134-E82F-4F04-85E8-0D65DE3768EB}.Release|Any CPU.Build.0 = Release|Any CPU
	EndGlobalSection
	GlobalSection(SolutionProperties) = preSolution
		HideSolutionNode = FALSE
	EndGlobalSection
	GlobalSection(ExtensibilityGlobals) = postSolution
		SolutionGuid = {82FD2845-6C71-4423-8B11-0A297F3A9A4A}
	EndGlobalSection
EndGlobal
